// !$*UTF8*$!
{
	archiveVersion = 1;
	classes = {
	};
	objectVersion = 51;
	objects = {

/* Begin PBXBuildFile section */
		250CE3399F84DED950502E27 /* Pods_tumblrUITests.framework in Frameworks */ = {isa = PBXBuildFile; fileRef = BDD4C153E30F5A68276C33C6 /* Pods_tumblrUITests.framework */; };
		5D04310A233177AF00C46203 /* AppDelegate.swift in Sources */ = {isa = PBXBuildFile; fileRef = 5D043109233177AF00C46203 /* AppDelegate.swift */; };
		5D04310F233177AF00C46203 /* Main.storyboard in Resources */ = {isa = PBXBuildFile; fileRef = 5D04310D233177AF00C46203 /* Main.storyboard */; };
		5D043111233177B000C46203 /* Assets.xcassets in Resources */ = {isa = PBXBuildFile; fileRef = 5D043110233177B000C46203 /* Assets.xcassets */; };
		5D043114233177B000C46203 /* LaunchScreen.storyboard in Resources */ = {isa = PBXBuildFile; fileRef = 5D043112233177B000C46203 /* LaunchScreen.storyboard */; };
		5D04311F233177B100C46203 /* tumblrTests.swift in Sources */ = {isa = PBXBuildFile; fileRef = 5D04311E233177B100C46203 /* tumblrTests.swift */; };
		5D04312A233177B100C46203 /* tumblrUITests.swift in Sources */ = {isa = PBXBuildFile; fileRef = 5D043129233177B100C46203 /* tumblrUITests.swift */; };
		5D0431382331780B00C46203 /* PhotosViewController.swift in Sources */ = {isa = PBXBuildFile; fileRef = 5D0431372331780B00C46203 /* PhotosViewController.swift */; };
		5D04313A23317C7400C46203 /* PhotoCell.swift in Sources */ = {isa = PBXBuildFile; fileRef = 5D04313923317C7400C46203 /* PhotoCell.swift */; };
		5D69A99723331083001C4373 /* PhotoDetailsViewController.swift in Sources */ = {isa = PBXBuildFile; fileRef = 5D69A99623331083001C4373 /* PhotoDetailsViewController.swift */; };
		91FB5DFD1F1B36A01CC4450B /* Pods_tumblr.framework in Frameworks */ = {isa = PBXBuildFile; fileRef = D4479662C50D385417FBD523 /* Pods_tumblr.framework */; };
		B74B66B36592D28DEBCD5F9E /* Pods_tumblrTests.framework in Frameworks */ = {isa = PBXBuildFile; fileRef = 4DD3ED82BAE884160B48F478 /* Pods_tumblrTests.framework */; };
/* End PBXBuildFile section */

/* Begin PBXContainerItemProxy section */
		5D04311B233177B100C46203 /* PBXContainerItemProxy */ = {
			isa = PBXContainerItemProxy;
			containerPortal = 5D0430FE233177AF00C46203 /* Project object */;
			proxyType = 1;
			remoteGlobalIDString = 5D043105233177AF00C46203;
			remoteInfo = tumblr;
		};
		5D043126233177B100C46203 /* PBXContainerItemProxy */ = {
			isa = PBXContainerItemProxy;
			containerPortal = 5D0430FE233177AF00C46203 /* Project object */;
			proxyType = 1;
			remoteGlobalIDString = 5D043105233177AF00C46203;
			remoteInfo = tumblr;
		};
/* End PBXContainerItemProxy section */

/* Begin PBXFileReference section */
		115CD770CC316DEE3F1FF26B /* Pods-tumblr.release.xcconfig */ = {isa = PBXFileReference; includeInIndex = 1; lastKnownFileType = text.xcconfig; name = "Pods-tumblr.release.xcconfig"; path = "Target Support Files/Pods-tumblr/Pods-tumblr.release.xcconfig"; sourceTree = "<group>"; };
		4DD3ED82BAE884160B48F478 /* Pods_tumblrTests.framework */ = {isa = PBXFileReference; explicitFileType = wrapper.framework; includeInIndex = 0; path = Pods_tumblrTests.framework; sourceTree = BUILT_PRODUCTS_DIR; };
		5D043106233177AF00C46203 /* tumblr.app */ = {isa = PBXFileReference; explicitFileType = wrapper.application; includeInIndex = 0; path = tumblr.app; sourceTree = BUILT_PRODUCTS_DIR; };
		5D043109233177AF00C46203 /* AppDelegate.swift */ = {isa = PBXFileReference; lastKnownFileType = sourcecode.swift; path = AppDelegate.swift; sourceTree = "<group>"; };
		5D04310E233177AF00C46203 /* Base */ = {isa = PBXFileReference; lastKnownFileType = file.storyboard; name = Base; path = Base.lproj/Main.storyboard; sourceTree = "<group>"; };
		5D043110233177B000C46203 /* Assets.xcassets */ = {isa = PBXFileReference; lastKnownFileType = folder.assetcatalog; path = Assets.xcassets; sourceTree = "<group>"; };
		5D043113233177B000C46203 /* Base */ = {isa = PBXFileReference; lastKnownFileType = file.storyboard; name = Base; path = Base.lproj/LaunchScreen.storyboard; sourceTree = "<group>"; };
		5D043115233177B000C46203 /* Info.plist */ = {isa = PBXFileReference; lastKnownFileType = text.plist.xml; path = Info.plist; sourceTree = "<group>"; };
		5D04311A233177B100C46203 /* tumblrTests.xctest */ = {isa = PBXFileReference; explicitFileType = wrapper.cfbundle; includeInIndex = 0; path = tumblrTests.xctest; sourceTree = BUILT_PRODUCTS_DIR; };
		5D04311E233177B100C46203 /* tumblrTests.swift */ = {isa = PBXFileReference; lastKnownFileType = sourcecode.swift; path = tumblrTests.swift; sourceTree = "<group>"; };
		5D043120233177B100C46203 /* Info.plist */ = {isa = PBXFileReference; lastKnownFileType = text.plist.xml; path = Info.plist; sourceTree = "<group>"; };
		5D043125233177B100C46203 /* tumblrUITests.xctest */ = {isa = PBXFileReference; explicitFileType = wrapper.cfbundle; includeInIndex = 0; path = tumblrUITests.xctest; sourceTree = BUILT_PRODUCTS_DIR; };
		5D043129233177B100C46203 /* tumblrUITests.swift */ = {isa = PBXFileReference; lastKnownFileType = sourcecode.swift; path = tumblrUITests.swift; sourceTree = "<group>"; };
		5D04312B233177B100C46203 /* Info.plist */ = {isa = PBXFileReference; lastKnownFileType = text.plist.xml; path = Info.plist; sourceTree = "<group>"; };
		5D0431372331780B00C46203 /* PhotosViewController.swift */ = {isa = PBXFileReference; lastKnownFileType = sourcecode.swift; path = PhotosViewController.swift; sourceTree = "<group>"; };
		5D04313923317C7400C46203 /* PhotoCell.swift */ = {isa = PBXFileReference; lastKnownFileType = sourcecode.swift; path = PhotoCell.swift; sourceTree = "<group>"; };
		5D69A99623331083001C4373 /* PhotoDetailsViewController.swift */ = {isa = PBXFileReference; lastKnownFileType = sourcecode.swift; path = PhotoDetailsViewController.swift; sourceTree = "<group>"; };
		9010D63DDE0E510F69E8F92B /* Pods-tumblrTests.release.xcconfig */ = {isa = PBXFileReference; includeInIndex = 1; lastKnownFileType = text.xcconfig; name = "Pods-tumblrTests.release.xcconfig"; path = "Target Support Files/Pods-tumblrTests/Pods-tumblrTests.release.xcconfig"; sourceTree = "<group>"; };
		BDD4C153E30F5A68276C33C6 /* Pods_tumblrUITests.framework */ = {isa = PBXFileReference; explicitFileType = wrapper.framework; includeInIndex = 0; path = Pods_tumblrUITests.framework; sourceTree = BUILT_PRODUCTS_DIR; };
		CB8DEFD1BE2ECB280DD5ADE6 /* Pods-tumblr.debug.xcconfig */ = {isa = PBXFileReference; includeInIndex = 1; lastKnownFileType = text.xcconfig; name = "Pods-tumblr.debug.xcconfig"; path = "Target Support Files/Pods-tumblr/Pods-tumblr.debug.xcconfig"; sourceTree = "<group>"; };
		D4479662C50D385417FBD523 /* Pods_tumblr.framework */ = {isa = PBXFileReference; explicitFileType = wrapper.framework; includeInIndex = 0; path = Pods_tumblr.framework; sourceTree = BUILT_PRODUCTS_DIR; };
		D6E57C50FCCA5A036D9A54FA /* Pods-tumblrUITests.release.xcconfig */ = {isa = PBXFileReference; includeInIndex = 1; lastKnownFileType = text.xcconfig; name = "Pods-tumblrUITests.release.xcconfig"; path = "Target Support Files/Pods-tumblrUITests/Pods-tumblrUITests.release.xcconfig"; sourceTree = "<group>"; };
		E413D97D9B2BD1329A630482 /* Pods-tumblrUITests.debug.xcconfig */ = {isa = PBXFileReference; includeInIndex = 1; lastKnownFileType = text.xcconfig; name = "Pods-tumblrUITests.debug.xcconfig"; path = "Target Support Files/Pods-tumblrUITests/Pods-tumblrUITests.debug.xcconfig"; sourceTree = "<group>"; };
		E8541A8603E1CDAD7C80EBBA /* Pods-tumblrTests.debug.xcconfig */ = {isa = PBXFileReference; includeInIndex = 1; lastKnownFileType = text.xcconfig; name = "Pods-tumblrTests.debug.xcconfig"; path = "Target Support Files/Pods-tumblrTests/Pods-tumblrTests.debug.xcconfig"; sourceTree = "<group>"; };
/* End PBXFileReference section */

/* Begin PBXFrameworksBuildPhase section */
		5D043103233177AF00C46203 /* Frameworks */ = {
			isa = PBXFrameworksBuildPhase;
			buildActionMask = 2147483647;
			files = (
				91FB5DFD1F1B36A01CC4450B /* Pods_tumblr.framework in Frameworks */,
			);
			runOnlyForDeploymentPostprocessing = 0;
		};
		5D043117233177B100C46203 /* Frameworks */ = {
			isa = PBXFrameworksBuildPhase;
			buildActionMask = 2147483647;
			files = (
				B74B66B36592D28DEBCD5F9E /* Pods_tumblrTests.framework in Frameworks */,
			);
			runOnlyForDeploymentPostprocessing = 0;
		};
		5D043122233177B100C46203 /* Frameworks */ = {
			isa = PBXFrameworksBuildPhase;
			buildActionMask = 2147483647;
			files = (
				250CE3399F84DED950502E27 /* Pods_tumblrUITests.framework in Frameworks */,
			);
			runOnlyForDeploymentPostprocessing = 0;
		};
/* End PBXFrameworksBuildPhase section */

/* Begin PBXGroup section */
		23939DC02C5B6F1786EA4B92 /* Frameworks */ = {
			isa = PBXGroup;
			children = (
				D4479662C50D385417FBD523 /* Pods_tumblr.framework */,
				4DD3ED82BAE884160B48F478 /* Pods_tumblrTests.framework */,
				BDD4C153E30F5A68276C33C6 /* Pods_tumblrUITests.framework */,
			);
			name = Frameworks;
			sourceTree = "<group>";
		};
		5D0430FD233177AF00C46203 = {
			isa = PBXGroup;
			children = (
				5D043108233177AF00C46203 /* tumblr */,
				5D04311D233177B100C46203 /* tumblrTests */,
				5D043128233177B100C46203 /* tumblrUITests */,
				5D043107233177AF00C46203 /* Products */,
				B14204AA374851C69B30AD6B /* Pods */,
				23939DC02C5B6F1786EA4B92 /* Frameworks */,
			);
			sourceTree = "<group>";
		};
		5D043107233177AF00C46203 /* Products */ = {
			isa = PBXGroup;
			children = (
				5D043106233177AF00C46203 /* tumblr.app */,
				5D04311A233177B100C46203 /* tumblrTests.xctest */,
				5D043125233177B100C46203 /* tumblrUITests.xctest */,
			);
			name = Products;
			sourceTree = "<group>";
		};
		5D043108233177AF00C46203 /* tumblr */ = {
			isa = PBXGroup;
			children = (
				5D043109233177AF00C46203 /* AppDelegate.swift */,
				5D04310D233177AF00C46203 /* Main.storyboard */,
				5D69A99623331083001C4373 /* PhotoDetailsViewController.swift */,
				5D043110233177B000C46203 /* Assets.xcassets */,
				5D043112233177B000C46203 /* LaunchScreen.storyboard */,
				5D043115233177B000C46203 /* Info.plist */,
				5D0431372331780B00C46203 /* PhotosViewController.swift */,
				5D04313923317C7400C46203 /* PhotoCell.swift */,
			);
			path = tumblr;
			sourceTree = "<group>";
		};
		5D04311D233177B100C46203 /* tumblrTests */ = {
			isa = PBXGroup;
			children = (
				5D04311E233177B100C46203 /* tumblrTests.swift */,
				5D043120233177B100C46203 /* Info.plist */,
			);
			path = tumblrTests;
			sourceTree = "<group>";
		};
		5D043128233177B100C46203 /* tumblrUITests */ = {
			isa = PBXGroup;
			children = (
				5D043129233177B100C46203 /* tumblrUITests.swift */,
				5D04312B233177B100C46203 /* Info.plist */,
			);
			path = tumblrUITests;
			sourceTree = "<group>";
		};
		B14204AA374851C69B30AD6B /* Pods */ = {
			isa = PBXGroup;
			children = (
				CB8DEFD1BE2ECB280DD5ADE6 /* Pods-tumblr.debug.xcconfig */,
				115CD770CC316DEE3F1FF26B /* Pods-tumblr.release.xcconfig */,
				E8541A8603E1CDAD7C80EBBA /* Pods-tumblrTests.debug.xcconfig */,
				9010D63DDE0E510F69E8F92B /* Pods-tumblrTests.release.xcconfig */,
				E413D97D9B2BD1329A630482 /* Pods-tumblrUITests.debug.xcconfig */,
				D6E57C50FCCA5A036D9A54FA /* Pods-tumblrUITests.release.xcconfig */,
			);
			path = Pods;
			sourceTree = "<group>";
		};
/* End PBXGroup section */

/* Begin PBXNativeTarget section */
		5D043105233177AF00C46203 /* tumblr */ = {
			isa = PBXNativeTarget;
			buildConfigurationList = 5D04312E233177B100C46203 /* Build configuration list for PBXNativeTarget "tumblr" */;
			buildPhases = (
				6A3CC458F7476FC38C51877F /* [CP] Check Pods Manifest.lock */,
				5D043102233177AF00C46203 /* Sources */,
				5D043103233177AF00C46203 /* Frameworks */,
				5D043104233177AF00C46203 /* Resources */,
				18B93864E1E15119CD7F9B95 /* [CP] Embed Pods Frameworks */,
			);
			buildRules = (
			);
			dependencies = (
			);
			name = tumblr;
			productName = tumblr;
			productReference = 5D043106233177AF00C46203 /* tumblr.app */;
			productType = "com.apple.product-type.application";
		};
		5D043119233177B100C46203 /* tumblrTests */ = {
			isa = PBXNativeTarget;
			buildConfigurationList = 5D043131233177B100C46203 /* Build configuration list for PBXNativeTarget "tumblrTests" */;
			buildPhases = (
				13F77E4548F7F0ABF724B593 /* [CP] Check Pods Manifest.lock */,
				5D043116233177B100C46203 /* Sources */,
				5D043117233177B100C46203 /* Frameworks */,
				5D043118233177B100C46203 /* Resources */,
			);
			buildRules = (
			);
			dependencies = (
				5D04311C233177B100C46203 /* PBXTargetDependency */,
			);
			name = tumblrTests;
			productName = tumblrTests;
			productReference = 5D04311A233177B100C46203 /* tumblrTests.xctest */;
			productType = "com.apple.product-type.bundle.unit-test";
		};
		5D043124233177B100C46203 /* tumblrUITests */ = {
			isa = PBXNativeTarget;
			buildConfigurationList = 5D043134233177B100C46203 /* Build configuration list for PBXNativeTarget "tumblrUITests" */;
			buildPhases = (
				770CB0CD3E208D1C700477E0 /* [CP] Check Pods Manifest.lock */,
				5D043121233177B100C46203 /* Sources */,
				5D043122233177B100C46203 /* Frameworks */,
				5D043123233177B100C46203 /* Resources */,
			);
			buildRules = (
			);
			dependencies = (
				5D043127233177B100C46203 /* PBXTargetDependency */,
			);
			name = tumblrUITests;
			productName = tumblrUITests;
			productReference = 5D043125233177B100C46203 /* tumblrUITests.xctest */;
			productType = "com.apple.product-type.bundle.ui-testing";
		};
/* End PBXNativeTarget section */

/* Begin PBXProject section */
		5D0430FE233177AF00C46203 /* Project object */ = {
			isa = PBXProject;
			attributes = {
				LastSwiftUpdateCheck = 1030;
				LastUpgradeCheck = 1030;
				ORGANIZATIONNAME = "Sofia Marquez";
				TargetAttributes = {
					5D043105233177AF00C46203 = {
						CreatedOnToolsVersion = 10.3;
					};
					5D043119233177B100C46203 = {
						CreatedOnToolsVersion = 10.3;
						TestTargetID = 5D043105233177AF00C46203;
					};
					5D043124233177B100C46203 = {
						CreatedOnToolsVersion = 10.3;
						TestTargetID = 5D043105233177AF00C46203;
					};
				};
			};
			buildConfigurationList = 5D043101233177AF00C46203 /* Build configuration list for PBXProject "tumblr" */;
			compatibilityVersion = "Xcode 9.3";
			developmentRegion = en;
			hasScannedForEncodings = 0;
			knownRegions = (
				en,
				Base,
			);
			mainGroup = 5D0430FD233177AF00C46203;
			productRefGroup = 5D043107233177AF00C46203 /* Products */;
			projectDirPath = "";
			projectRoot = "";
			targets = (
				5D043105233177AF00C46203 /* tumblr */,
				5D043119233177B100C46203 /* tumblrTests */,
				5D043124233177B100C46203 /* tumblrUITests */,
			);
		};
/* End PBXProject section */

/* Begin PBXResourcesBuildPhase section */
		5D043104233177AF00C46203 /* Resources */ = {
			isa = PBXResourcesBuildPhase;
			buildActionMask = 2147483647;
			files = (
				5D043114233177B000C46203 /* LaunchScreen.storyboard in Resources */,
				5D043111233177B000C46203 /* Assets.xcassets in Resources */,
				5D04310F233177AF00C46203 /* Main.storyboard in Resources */,
			);
			runOnlyForDeploymentPostprocessing = 0;
		};
		5D043118233177B100C46203 /* Resources */ = {
			isa = PBXResourcesBuildPhase;
			buildActionMask = 2147483647;
			files = (
			);
			runOnlyForDeploymentPostprocessing = 0;
		};
		5D043123233177B100C46203 /* Resources */ = {
			isa = PBXResourcesBuildPhase;
			buildActionMask = 2147483647;
			files = (
			);
			runOnlyForDeploymentPostprocessing = 0;
		};
/* End PBXResourcesBuildPhase section */

/* Begin PBXShellScriptBuildPhase section */
		13F77E4548F7F0ABF724B593 /* [CP] Check Pods Manifest.lock */ = {
			isa = PBXShellScriptBuildPhase;
			buildActionMask = 2147483647;
			files = (
			);
			inputFileListPaths = (
			);
			inputPaths = (
				"${PODS_PODFILE_DIR_PATH}/Podfile.lock",
				"${PODS_ROOT}/Manifest.lock",
			);
			name = "[CP] Check Pods Manifest.lock";
			outputFileListPaths = (
			);
			outputPaths = (
				"$(DERIVED_FILE_DIR)/Pods-tumblrTests-checkManifestLockResult.txt",
			);
			runOnlyForDeploymentPostprocessing = 0;
			shellPath = /bin/sh;
			shellScript = "diff \"${PODS_PODFILE_DIR_PATH}/Podfile.lock\" \"${PODS_ROOT}/Manifest.lock\" > /dev/null\nif [ $? != 0 ] ; then\n    # print error to STDERR\n    echo \"error: The sandbox is not in sync with the Podfile.lock. Run 'pod install' or update your CocoaPods installation.\" >&2\n    exit 1\nfi\n# This output is used by Xcode 'outputs' to avoid re-running this script phase.\necho \"SUCCESS\" > \"${SCRIPT_OUTPUT_FILE_0}\"\n";
			showEnvVarsInLog = 0;
		};
		18B93864E1E15119CD7F9B95 /* [CP] Embed Pods Frameworks */ = {
			isa = PBXShellScriptBuildPhase;
			buildActionMask = 2147483647;
			files = (
			);
			inputFileListPaths = (
				"${PODS_ROOT}/Target Support Files/Pods-tumblr/Pods-tumblr-frameworks-${CONFIGURATION}-input-files.xcfilelist",
			);
			name = "[CP] Embed Pods Frameworks";
			outputFileListPaths = (
				"${PODS_ROOT}/Target Support Files/Pods-tumblr/Pods-tumblr-frameworks-${CONFIGURATION}-output-files.xcfilelist",
			);
			runOnlyForDeploymentPostprocessing = 0;
			shellPath = /bin/sh;
			shellScript = "\"${PODS_ROOT}/Target Support Files/Pods-tumblr/Pods-tumblr-frameworks.sh\"\n";
			showEnvVarsInLog = 0;
		};
		6A3CC458F7476FC38C51877F /* [CP] Check Pods Manifest.lock */ = {
			isa = PBXShellScriptBuildPhase;
			buildActionMask = 2147483647;
			files = (
			);
			inputFileListPaths = (
			);
			inputPaths = (
				"${PODS_PODFILE_DIR_PATH}/Podfile.lock",
				"${PODS_ROOT}/Manifest.lock",
			);
			name = "[CP] Check Pods Manifest.lock";
			outputFileListPaths = (
			);
			outputPaths = (
				"$(DERIVED_FILE_DIR)/Pods-tumblr-checkManifestLockResult.txt",
			);
			runOnlyForDeploymentPostprocessing = 0;
			shellPath = /bin/sh;
			shellScript = "diff \"${PODS_PODFILE_DIR_PATH}/Podfile.lock\" \"${PODS_ROOT}/Manifest.lock\" > /dev/null\nif [ $? != 0 ] ; then\n    # print error to STDERR\n    echo \"error: The sandbox is not in sync with the Podfile.lock. Run 'pod install' or update your CocoaPods installation.\" >&2\n    exit 1\nfi\n# This output is used by Xcode 'outputs' to avoid re-running this script phase.\necho \"SUCCESS\" > \"${SCRIPT_OUTPUT_FILE_0}\"\n";
			showEnvVarsInLog = 0;
		};
		770CB0CD3E208D1C700477E0 /* [CP] Check Pods Manifest.lock */ = {
			isa = PBXShellScriptBuildPhase;
			buildActionMask = 2147483647;
			files = (
			);
			inputFileListPaths = (
			);
			inputPaths = (
				"${PODS_PODFILE_DIR_PATH}/Podfile.lock",
				"${PODS_ROOT}/Manifest.lock",
			);
			name = "[CP] Check Pods Manifest.lock";
			outputFileListPaths = (
			);
			outputPaths = (
				"$(DERIVED_FILE_DIR)/Pods-tumblrUITests-checkManifestLockResult.txt",
			);
			runOnlyForDeploymentPostprocessing = 0;
			shellPath = /bin/sh;
			shellScript = "diff \"${PODS_PODFILE_DIR_PATH}/Podfile.lock\" \"${PODS_ROOT}/Manifest.lock\" > /dev/null\nif [ $? != 0 ] ; then\n    # print error to STDERR\n    echo \"error: The sandbox is not in sync with the Podfile.lock. Run 'pod install' or update your CocoaPods installation.\" >&2\n    exit 1\nfi\n# This output is used by Xcode 'outputs' to avoid re-running this script phase.\necho \"SUCCESS\" > \"${SCRIPT_OUTPUT_FILE_0}\"\n";
			showEnvVarsInLog = 0;
		};
/* End PBXShellScriptBuildPhase section */

/* Begin PBXSourcesBuildPhase section */
		5D043102233177AF00C46203 /* Sources */ = {
			isa = PBXSourcesBuildPhase;
			buildActionMask = 2147483647;
			files = (
				5D69A99723331083001C4373 /* PhotoDetailsViewController.swift in Sources */,
				5D04310A233177AF00C46203 /* AppDelegate.swift in Sources */,
				5D04313A23317C7400C46203 /* PhotoCell.swift in Sources */,
				5D0431382331780B00C46203 /* PhotosViewController.swift in Sources */,
			);
			runOnlyForDeploymentPostprocessing = 0;
		};
		5D043116233177B100C46203 /* Sources */ = {
			isa = PBXSourcesBuildPhase;
			buildActionMask = 2147483647;
			files = (
				5D04311F233177B100C46203 /* tumblrTests.swift in Sources */,
			);
			runOnlyForDeploymentPostprocessing = 0;
		};
		5D043121233177B100C46203 /* Sources */ = {
			isa = PBXSourcesBuildPhase;
			buildActionMask = 2147483647;
			files = (
				5D04312A233177B100C46203 /* tumblrUITests.swift in Sources */,
			);
			runOnlyForDeploymentPostprocessing = 0;
		};
/* End PBXSourcesBuildPhase section */

/* Begin PBXTargetDependency section */
		5D04311C233177B100C46203 /* PBXTargetDependency */ = {
			isa = PBXTargetDependency;
			target = 5D043105233177AF00C46203 /* tumblr */;
			targetProxy = 5D04311B233177B100C46203 /* PBXContainerItemProxy */;
		};
		5D043127233177B100C46203 /* PBXTargetDependency */ = {
			isa = PBXTargetDependency;
			target = 5D043105233177AF00C46203 /* tumblr */;
			targetProxy = 5D043126233177B100C46203 /* PBXContainerItemProxy */;
		};
/* End PBXTargetDependency section */

/* Begin PBXVariantGroup section */
		5D04310D233177AF00C46203 /* Main.storyboard */ = {
			isa = PBXVariantGroup;
			children = (
				5D04310E233177AF00C46203 /* Base */,
			);
			name = Main.storyboard;
			sourceTree = "<group>";
		};
		5D043112233177B000C46203 /* LaunchScreen.storyboard */ = {
			isa = PBXVariantGroup;
			children = (
				5D043113233177B000C46203 /* Base */,
			);
			name = LaunchScreen.storyboard;
			sourceTree = "<group>";
		};
/* End PBXVariantGroup section */

/* Begin XCBuildConfiguration section */
		5D04312C233177B100C46203 /* Debug */ = {
			isa = XCBuildConfiguration;
			buildSettings = {
				ALWAYS_SEARCH_USER_PATHS = NO;
				CLANG_ANALYZER_NONNULL = YES;
				CLANG_ANALYZER_NUMBER_OBJECT_CONVERSION = YES_AGGRESSIVE;
				CLANG_CXX_LANGUAGE_STANDARD = "gnu++14";
				CLANG_CXX_LIBRARY = "libc++";
				CLANG_ENABLE_MODULES = YES;
				CLANG_ENABLE_OBJC_ARC = YES;
				CLANG_ENABLE_OBJC_WEAK = YES;
				CLANG_WARN_BLOCK_CAPTURE_AUTORELEASING = YES;
				CLANG_WARN_BOOL_CONVERSION = YES;
				CLANG_WARN_COMMA = YES;
				CLANG_WARN_CONSTANT_CONVERSION = YES;
				CLANG_WARN_DEPRECATED_OBJC_IMPLEMENTATIONS = YES;
				CLANG_WARN_DIRECT_OBJC_ISA_USAGE = YES_ERROR;
				CLANG_WARN_DOCUMENTATION_COMMENTS = YES;
				CLANG_WARN_EMPTY_BODY = YES;
				CLANG_WARN_ENUM_CONVERSION = YES;
				CLANG_WARN_INFINITE_RECURSION = YES;
				CLANG_WARN_INT_CONVERSION = YES;
				CLANG_WARN_NON_LITERAL_NULL_CONVERSION = YES;
				CLANG_WARN_OBJC_IMPLICIT_RETAIN_SELF = YES;
				CLANG_WARN_OBJC_LITERAL_CONVERSION = YES;
				CLANG_WARN_OBJC_ROOT_CLASS = YES_ERROR;
				CLANG_WARN_RANGE_LOOP_ANALYSIS = YES;
				CLANG_WARN_STRICT_PROTOTYPES = YES;
				CLANG_WARN_SUSPICIOUS_MOVE = YES;
				CLANG_WARN_UNGUARDED_AVAILABILITY = YES_AGGRESSIVE;
				CLANG_WARN_UNREACHABLE_CODE = YES;
				CLANG_WARN__DUPLICATE_METHOD_MATCH = YES;
				CODE_SIGN_IDENTITY = "iPhone Developer";
				COPY_PHASE_STRIP = NO;
				DEBUG_INFORMATION_FORMAT = dwarf;
				ENABLE_STRICT_OBJC_MSGSEND = YES;
				ENABLE_TESTABILITY = YES;
				GCC_C_LANGUAGE_STANDARD = gnu11;
				GCC_DYNAMIC_NO_PIC = NO;
				GCC_NO_COMMON_BLOCKS = YES;
				GCC_OPTIMIZATION_LEVEL = 0;
				GCC_PREPROCESSOR_DEFINITIONS = (
					"DEBUG=1",
					"$(inherited)",
				);
				GCC_WARN_64_TO_32_BIT_CONVERSION = YES;
				GCC_WARN_ABOUT_RETURN_TYPE = YES_ERROR;
				GCC_WARN_UNDECLARED_SELECTOR = YES;
				GCC_WARN_UNINITIALIZED_AUTOS = YES_AGGRESSIVE;
				GCC_WARN_UNUSED_FUNCTION = YES;
				GCC_WARN_UNUSED_VARIABLE = YES;
				IPHONEOS_DEPLOYMENT_TARGET = 12.4;
				MTL_ENABLE_DEBUG_INFO = INCLUDE_SOURCE;
				MTL_FAST_MATH = YES;
				ONLY_ACTIVE_ARCH = YES;
				SDKROOT = iphoneos;
				SWIFT_ACTIVE_COMPILATION_CONDITIONS = DEBUG;
				SWIFT_OPTIMIZATION_LEVEL = "-Onone";
			};
			name = Debug;
		};
		5D04312D233177B100C46203 /* Release */ = {
			isa = XCBuildConfiguration;
			buildSettings = {
				ALWAYS_SEARCH_USER_PATHS = NO;
				CLANG_ANALYZER_NONNULL = YES;
				CLANG_ANALYZER_NUMBER_OBJECT_CONVERSION = YES_AGGRESSIVE;
				CLANG_CXX_LANGUAGE_STANDARD = "gnu++14";
				CLANG_CXX_LIBRARY = "libc++";
				CLANG_ENABLE_MODULES = YES;
				CLANG_ENABLE_OBJC_ARC = YES;
				CLANG_ENABLE_OBJC_WEAK = YES;
				CLANG_WARN_BLOCK_CAPTURE_AUTORELEASING = YES;
				CLANG_WARN_BOOL_CONVERSION = YES;
				CLANG_WARN_COMMA = YES;
				CLANG_WARN_CONSTANT_CONVERSION = YES;
				CLANG_WARN_DEPRECATED_OBJC_IMPLEMENTATIONS = YES;
				CLANG_WARN_DIRECT_OBJC_ISA_USAGE = YES_ERROR;
				CLANG_WARN_DOCUMENTATION_COMMENTS = YES;
				CLANG_WARN_EMPTY_BODY = YES;
				CLANG_WARN_ENUM_CONVERSION = YES;
				CLANG_WARN_INFINITE_RECURSION = YES;
				CLANG_WARN_INT_CONVERSION = YES;
				CLANG_WARN_NON_LITERAL_NULL_CONVERSION = YES;
				CLANG_WARN_OBJC_IMPLICIT_RETAIN_SELF = YES;
				CLANG_WARN_OBJC_LITERAL_CONVERSION = YES;
				CLANG_WARN_OBJC_ROOT_CLASS = YES_ERROR;
				CLANG_WARN_RANGE_LOOP_ANALYSIS = YES;
				CLANG_WARN_STRICT_PROTOTYPES = YES;
				CLANG_WARN_SUSPICIOUS_MOVE = YES;
				CLANG_WARN_UNGUARDED_AVAILABILITY = YES_AGGRESSIVE;
				CLANG_WARN_UNREACHABLE_CODE = YES;
				CLANG_WARN__DUPLICATE_METHOD_MATCH = YES;
				CODE_SIGN_IDENTITY = "iPhone Developer";
				COPY_PHASE_STRIP = NO;
				DEBUG_INFORMATION_FORMAT = "dwarf-with-dsym";
				ENABLE_NS_ASSERTIONS = NO;
				ENABLE_STRICT_OBJC_MSGSEND = YES;
				GCC_C_LANGUAGE_STANDARD = gnu11;
				GCC_NO_COMMON_BLOCKS = YES;
				GCC_WARN_64_TO_32_BIT_CONVERSION = YES;
				GCC_WARN_ABOUT_RETURN_TYPE = YES_ERROR;
				GCC_WARN_UNDECLARED_SELECTOR = YES;
				GCC_WARN_UNINITIALIZED_AUTOS = YES_AGGRESSIVE;
				GCC_WARN_UNUSED_FUNCTION = YES;
				GCC_WARN_UNUSED_VARIABLE = YES;
				IPHONEOS_DEPLOYMENT_TARGET = 12.4;
				MTL_ENABLE_DEBUG_INFO = NO;
				MTL_FAST_MATH = YES;
				SDKROOT = iphoneos;
				SWIFT_COMPILATION_MODE = wholemodule;
				SWIFT_OPTIMIZATION_LEVEL = "-O";
				VALIDATE_PRODUCT = YES;
			};
			name = Release;
		};
		5D04312F233177B100C46203 /* Debug */ = {
			isa = XCBuildConfiguration;
			baseConfigurationReference = CB8DEFD1BE2ECB280DD5ADE6 /* Pods-tumblr.debug.xcconfig */;
			buildSettings = {
				ASSETCATALOG_COMPILER_APPICON_NAME = AppIcon;
				CODE_SIGN_STYLE = Automatic;
				INFOPLIST_FILE = tumblr/Info.plist;
				LD_RUNPATH_SEARCH_PATHS = (
					"$(inherited)",
					"@executable_path/Frameworks",
				);
				PRODUCT_BUNDLE_IDENTIFIER = SpecialTopics.tumblr;
				PRODUCT_NAME = "$(TARGET_NAME)";
				SWIFT_VERSION = 5.0;
				TARGETED_DEVICE_FAMILY = "1,2";
			};
			name = Debug;
		};
		5D043130233177B100C46203 /* Release */ = {
			isa = XCBuildConfiguration;
			baseConfigurationReference = 115CD770CC316DEE3F1FF26B /* Pods-tumblr.release.xcconfig */;
			buildSettings = {
				ASSETCATALOG_COMPILER_APPICON_NAME = AppIcon;
				CODE_SIGN_STYLE = Automatic;
				INFOPLIST_FILE = tumblr/Info.plist;
				LD_RUNPATH_SEARCH_PATHS = (
					"$(inherited)",
					"@executable_path/Frameworks",
				);
				PRODUCT_BUNDLE_IDENTIFIER = SpecialTopics.tumblr;
				PRODUCT_NAME = "$(TARGET_NAME)";
				SWIFT_VERSION = 5.0;
				TARGETED_DEVICE_FAMILY = "1,2";
			};
			name = Release;
		};
		5D043132233177B100C46203 /* Debug */ = {
			isa = XCBuildConfiguration;
			baseConfigurationReference = E8541A8603E1CDAD7C80EBBA /* Pods-tumblrTests.debug.xcconfig */;
			buildSettings = {
				ALWAYS_EMBED_SWIFT_STANDARD_LIBRARIES = YES;
				BUNDLE_LOADER = "$(TEST_HOST)";
				CODE_SIGN_STYLE = Automatic;
				INFOPLIST_FILE = tumblrTests/Info.plist;
				LD_RUNPATH_SEARCH_PATHS = (
					"$(inherited)",
					"@executable_path/Frameworks",
					"@loader_path/Frameworks",
				);
				PRODUCT_BUNDLE_IDENTIFIER = SpecialTopics.tumblrTests;
				PRODUCT_NAME = "$(TARGET_NAME)";
				SWIFT_VERSION = 5.0;
				TARGETED_DEVICE_FAMILY = "1,2";
				TEST_HOST = "$(BUILT_PRODUCTS_DIR)/tumblr.app/tumblr";
			};
			name = Debug;
		};
		5D043133233177B100C46203 /* Release */ = {
			isa = XCBuildConfiguration;
			baseConfigurationReference = 9010D63DDE0E510F69E8F92B /* Pods-tumblrTests.release.xcconfig */;
			buildSettings = {
				ALWAYS_EMBED_SWIFT_STANDARD_LIBRARIES = YES;
				BUNDLE_LOADER = "$(TEST_HOST)";
				CODE_SIGN_STYLE = Automatic;
				INFOPLIST_FILE = tumblrTests/Info.plist;
				LD_RUNPATH_SEARCH_PATHS = (
					"$(inherited)",
					"@executable_path/Frameworks",
					"@loader_path/Frameworks",
				);
				PRODUCT_BUNDLE_IDENTIFIER = SpecialTopics.tumblrTests;
				PRODUCT_NAME = "$(TARGET_NAME)";
				SWIFT_VERSION = 5.0;
				TARGETED_DEVICE_FAMILY = "1,2";
				TEST_HOST = "$(BUILT_PRODUCTS_DIR)/tumblr.app/tumblr";
			};
			name = Release;
		};
		5D043135233177B100C46203 /* Debug */ = {
			isa = XCBuildConfiguration;
			baseConfigurationReference = E413D97D9B2BD1329A630482 /* Pods-tumblrUITests.debug.xcconfig */;
			buildSettings = {
				ALWAYS_EMBED_SWIFT_STANDARD_LIBRARIES = YES;
				CODE_SIGN_STYLE = Automatic;
				INFOPLIST_FILE = tumblrUITests/Info.plist;
				LD_RUNPATH_SEARCH_PATHS = (
					"$(inherited)",
					"@executable_path/Frameworks",
					"@loader_path/Frameworks",
				);
				PRODUCT_BUNDLE_IDENTIFIER = SpecialTopics.tumblrUITests;
				PRODUCT_NAME = "$(TARGET_NAME)";
				SWIFT_VERSION = 5.0;
				TARGETED_DEVICE_FAMILY = "1,2";
				TEST_TARGET_NAME = tumblr;
			};
			name = Debug;
		};
		5D043136233177B100C46203 /* Release */ = {
			isa = XCBuildConfiguration;
			baseConfigurationReference = D6E57C50FCCA5A036D9A54FA /* Pods-tumblrUITests.release.xcconfig */;
			buildSettings = {
				ALWAYS_EMBED_SWIFT_STANDARD_LIBRARIES = YES;
				CODE_SIGN_STYLE = Automatic;
				INFOPLIST_FILE = tumblrUITests/Info.plist;
				LD_RUNPATH_SEARCH_PATHS = (
					"$(inherited)",
					"@executable_path/Frameworks",
					"@loader_path/Frameworks",
				);
				PRODUCT_BUNDLE_IDENTIFIER = SpecialTopics.tumblrUITests;
				PRODUCT_NAME = "$(TARGET_NAME)";
				SWIFT_VERSION = 5.0;
				TARGETED_DEVICE_FAMILY = "1,2";
				TEST_TARGET_NAME = tumblr;
			};
			name = Release;
		};
/* End XCBuildConfiguration section */

/* Begin XCConfigurationList section */
		5D043101233177AF00C46203 /* Build configuration list for PBXProject "tumblr" */ = {
			isa = XCConfigurationList;
			buildConfigurations = (
				5D04312C233177B100C46203 /* Debug */,
				5D04312D233177B100C46203 /* Release */,
			);
			defaultConfigurationIsVisible = 0;
			defaultConfigurationName = Release;
		};
		5D04312E233177B100C46203 /* Build configuration list for PBXNativeTarget "tumblr" */ = {
			isa = XCConfigurationList;
			buildConfigurations = (
				5D04312F233177B100C46203 /* Debug */,
				5D043130233177B100C46203 /* Release */,
			);
			defaultConfigurationIsVisible = 0;
			defaultConfigurationName = Release;
		};
		5D043131233177B100C46203 /* Build configuration list for PBXNativeTarget "tumblrTests" */ = {
			isa = XCConfigurationList;
			buildConfigurations = (
				5D043132233177B100C46203 /* Debug */,
				5D043133233177B100C46203 /* Release */,
			);
			defaultConfigurationIsVisible = 0;
			defaultConfigurationName = Release;
		};
		5D043134233177B100C46203 /* Build configuration list for PBXNativeTarget "tumblrUITests" */ = {
			isa = XCConfigurationList;
			buildConfigurations = (
				5D043135233177B100C46203 /* Debug */,
				5D043136233177B100C46203 /* Release */,
			);
			defaultConfigurationIsVisible = 0;
			defaultConfigurationName = Release;
		};
/* End XCConfigurationList section */
	};
	rootObject = 5D0430FE233177AF00C46203 /* Project object */;
}
